// !$*UTF8*$!
{
	archiveVersion = 1;
	classes = {
	};
	objectVersion = 46;
	objects = {

/* Begin PBXBuildFile section */
		3CEDF99F1BE63B5700ADA0E2 /* main.m in Sources */ = {isa = PBXBuildFile; fileRef = 3CEDF99E1BE63B5700ADA0E2 /* main.m */; };
		3CEDF9A21BE63B5700ADA0E2 /* AppDelegate.m in Sources */ = {isa = PBXBuildFile; fileRef = 3CEDF9A11BE63B5700ADA0E2 /* AppDelegate.m */; };
		3CEDF9A51BE63B5700ADA0E2 /* ViewController.m in Sources */ = {isa = PBXBuildFile; fileRef = 3CEDF9A41BE63B5700ADA0E2 /* ViewController.m */; };
		3CEDF9A81BE63B5700ADA0E2 /* Main.storyboard in Resources */ = {isa = PBXBuildFile; fileRef = 3CEDF9A61BE63B5700ADA0E2 /* Main.storyboard */; };
		3CEDF9AA1BE63B5700ADA0E2 /* Assets.xcassets in Resources */ = {isa = PBXBuildFile; fileRef = 3CEDF9A91BE63B5700ADA0E2 /* Assets.xcassets */; };
		3CEDF9AD1BE63B5700ADA0E2 /* LaunchScreen.storyboard in Resources */ = {isa = PBXBuildFile; fileRef = 3CEDF9AB1BE63B5700ADA0E2 /* LaunchScreen.storyboard */; };
		3CEDFA181BE6452300ADA0E2 /* NSDate+BM.m in Sources */ = {isa = PBXBuildFile; fileRef = 3CEDF9F61BE6452300ADA0E2 /* NSDate+BM.m */; settings = {ASSET_TAGS = (); }; };
		3CEDFA191BE6452300ADA0E2 /* NSDateFormatter+Category.m in Sources */ = {isa = PBXBuildFile; fileRef = 3CEDF9F81BE6452300ADA0E2 /* NSDateFormatter+Category.m */; settings = {ASSET_TAGS = (); }; };
		3CEDFA1A1BE6452300ADA0E2 /* NSString+BM.m in Sources */ = {isa = PBXBuildFile; fileRef = 3CEDF9FA1BE6452300ADA0E2 /* NSString+BM.m */; settings = {ASSET_TAGS = (); }; };
		3CEDFA1B1BE6452300ADA0E2 /* UIImage+BM.m in Sources */ = {isa = PBXBuildFile; fileRef = 3CEDF9FD1BE6452300ADA0E2 /* UIImage+BM.m */; settings = {ASSET_TAGS = (); }; };
		3CEDFA1C1BE6452300ADA0E2 /* UIView+AutoLayoutDebugging.m in Sources */ = {isa = PBXBuildFile; fileRef = 3CEDF9FF1BE6452300ADA0E2 /* UIView+AutoLayoutDebugging.m */; settings = {ASSET_TAGS = (); }; };
		3CEDFA1D1BE6452300ADA0E2 /* UIView+Convenience.m in Sources */ = {isa = PBXBuildFile; fileRef = 3CEDFA011BE6452300ADA0E2 /* UIView+Convenience.m */; settings = {ASSET_TAGS = (); }; };
		3CEDFA211BE6452300ADA0E2 /* BMUtils.m in Sources */ = {isa = PBXBuildFile; fileRef = 3CEDFA0B1BE6452300ADA0E2 /* BMUtils.m */; settings = {ASSET_TAGS = (); }; };
		3CEDFA221BE6452300ADA0E2 /* BMAvatarView.m in Sources */ = {isa = PBXBuildFile; fileRef = 3CEDFA0F1BE6452300ADA0E2 /* BMAvatarView.m */; settings = {ASSET_TAGS = (); }; };
		3CEDFA231BE6452300ADA0E2 /* BMDashLine.m in Sources */ = {isa = PBXBuildFile; fileRef = 3CEDFA111BE6452300ADA0E2 /* BMDashLine.m */; settings = {ASSET_TAGS = (); }; };
		3CEDFA241BE6452300ADA0E2 /* BMEnableIQKeyboardView.m in Sources */ = {isa = PBXBuildFile; fileRef = 3CEDFA131BE6452300ADA0E2 /* BMEnableIQKeyboardView.m */; settings = {ASSET_TAGS = (); }; };
		3CEDFA251BE6452300ADA0E2 /* BMNoHilightButton.m in Sources */ = {isa = PBXBuildFile; fileRef = 3CEDFA151BE6452300ADA0E2 /* BMNoHilightButton.m */; settings = {ASSET_TAGS = (); }; };
		3CEDFA261BE6452300ADA0E2 /* BMTextView.m in Sources */ = {isa = PBXBuildFile; fileRef = 3CEDFA171BE6452300ADA0E2 /* BMTextView.m */; settings = {ASSET_TAGS = (); }; };
/* End PBXBuildFile section */

/* Begin PBXFileReference section */
		3CEDF99A1BE63B5700ADA0E2 /* BM4GroupExample.app */ = {isa = PBXFileReference; explicitFileType = wrapper.application; includeInIndex = 0; path = BM4GroupExample.app; sourceTree = BUILT_PRODUCTS_DIR; };
		3CEDF99E1BE63B5700ADA0E2 /* main.m */ = {isa = PBXFileReference; lastKnownFileType = sourcecode.c.objc; path = main.m; sourceTree = "<group>"; };
		3CEDF9A01BE63B5700ADA0E2 /* AppDelegate.h */ = {isa = PBXFileReference; lastKnownFileType = sourcecode.c.h; path = AppDelegate.h; sourceTree = "<group>"; };
		3CEDF9A11BE63B5700ADA0E2 /* AppDelegate.m */ = {isa = PBXFileReference; lastKnownFileType = sourcecode.c.objc; path = AppDelegate.m; sourceTree = "<group>"; };
		3CEDF9A31BE63B5700ADA0E2 /* ViewController.h */ = {isa = PBXFileReference; lastKnownFileType = sourcecode.c.h; path = ViewController.h; sourceTree = "<group>"; };
		3CEDF9A41BE63B5700ADA0E2 /* ViewController.m */ = {isa = PBXFileReference; lastKnownFileType = sourcecode.c.objc; path = ViewController.m; sourceTree = "<group>"; };
		3CEDF9A71BE63B5700ADA0E2 /* Base */ = {isa = PBXFileReference; lastKnownFileType = file.storyboard; name = Base; path = Base.lproj/Main.storyboard; sourceTree = "<group>"; };
		3CEDF9A91BE63B5700ADA0E2 /* Assets.xcassets */ = {isa = PBXFileReference; lastKnownFileType = folder.assetcatalog; path = Assets.xcassets; sourceTree = "<group>"; };
		3CEDF9AC1BE63B5700ADA0E2 /* Base */ = {isa = PBXFileReference; lastKnownFileType = file.storyboard; name = Base; path = Base.lproj/LaunchScreen.storyboard; sourceTree = "<group>"; };
		3CEDF9AE1BE63B5700ADA0E2 /* Info.plist */ = {isa = PBXFileReference; lastKnownFileType = text.plist.xml; path = Info.plist; sourceTree = "<group>"; };
		3CEDF9F11BE6452300ADA0E2 /* BM4Group.h */ = {isa = PBXFileReference; fileEncoding = 4; lastKnownFileType = sourcecode.c.h; path = BM4Group.h; sourceTree = "<group>"; };
		3CEDF9F21BE6452300ADA0E2 /* BMGlobalMacro.h */ = {isa = PBXFileReference; fileEncoding = 4; lastKnownFileType = sourcecode.c.h; path = BMGlobalMacro.h; sourceTree = "<group>"; };
		3CEDF9F51BE6452300ADA0E2 /* NSDate+BM.h */ = {isa = PBXFileReference; fileEncoding = 4; lastKnownFileType = sourcecode.c.h; path = "NSDate+BM.h"; sourceTree = "<group>"; };
		3CEDF9F61BE6452300ADA0E2 /* NSDate+BM.m */ = {isa = PBXFileReference; fileEncoding = 4; lastKnownFileType = sourcecode.c.objc; path = "NSDate+BM.m"; sourceTree = "<group>"; };
		3CEDF9F71BE6452300ADA0E2 /* NSDateFormatter+Category.h */ = {isa = PBXFileReference; fileEncoding = 4; lastKnownFileType = sourcecode.c.h; path = "NSDateFormatter+Category.h"; sourceTree = "<group>"; };
		3CEDF9F81BE6452300ADA0E2 /* NSDateFormatter+Category.m */ = {isa = PBXFileReference; fileEncoding = 4; lastKnownFileType = sourcecode.c.objc; path = "NSDateFormatter+Category.m"; sourceTree = "<group>"; };
		3CEDF9F91BE6452300ADA0E2 /* NSString+BM.h */ = {isa = PBXFileReference; fileEncoding = 4; lastKnownFileType = sourcecode.c.h; path = "NSString+BM.h"; sourceTree = "<group>"; };
		3CEDF9FA1BE6452300ADA0E2 /* NSString+BM.m */ = {isa = PBXFileReference; fileEncoding = 4; lastKnownFileType = sourcecode.c.objc; path = "NSString+BM.m"; sourceTree = "<group>"; };
		3CEDF9FC1BE6452300ADA0E2 /* UIImage+BM.h */ = {isa = PBXFileReference; fileEncoding = 4; lastKnownFileType = sourcecode.c.h; path = "UIImage+BM.h"; sourceTree = "<group>"; };
		3CEDF9FD1BE6452300ADA0E2 /* UIImage+BM.m */ = {isa = PBXFileReference; fileEncoding = 4; lastKnownFileType = sourcecode.c.objc; path = "UIImage+BM.m"; sourceTree = "<group>"; };
		3CEDF9FE1BE6452300ADA0E2 /* UIView+AutoLayoutDebugging.h */ = {isa = PBXFileReference; fileEncoding = 4; lastKnownFileType = sourcecode.c.h; path = "UIView+AutoLayoutDebugging.h"; sourceTree = "<group>"; };
		3CEDF9FF1BE6452300ADA0E2 /* UIView+AutoLayoutDebugging.m */ = {isa = PBXFileReference; fileEncoding = 4; lastKnownFileType = sourcecode.c.objc; path = "UIView+AutoLayoutDebugging.m"; sourceTree = "<group>"; };
		3CEDFA001BE6452300ADA0E2 /* UIView+Convenience.h */ = {isa = PBXFileReference; fileEncoding = 4; lastKnownFileType = sourcecode.c.h; path = "UIView+Convenience.h"; sourceTree = "<group>"; };
		3CEDFA011BE6452300ADA0E2 /* UIView+Convenience.m */ = {isa = PBXFileReference; fileEncoding = 4; lastKnownFileType = sourcecode.c.objc; path = "UIView+Convenience.m"; sourceTree = "<group>"; };
		3CEDFA021BE6452300ADA0E2 /* UIViewController+BM.h */ = {isa = PBXFileReference; fileEncoding = 4; lastKnownFileType = sourcecode.c.h; path = "UIViewController+BM.h"; sourceTree = "<group>"; };
		3CEDFA031BE6452300ADA0E2 /* UIViewController+BM.m */ = {isa = PBXFileReference; fileEncoding = 4; lastKnownFileType = sourcecode.c.objc; path = "UIViewController+BM.m"; sourceTree = "<group>"; };
		3CEDFA051BE6452300ADA0E2 /* BMBaseModel.h */ = {isa = PBXFileReference; fileEncoding = 4; lastKnownFileType = sourcecode.c.h; path = BMBaseModel.h; sourceTree = "<group>"; };
		3CEDFA061BE6452300ADA0E2 /* BMBaseModel.m */ = {isa = PBXFileReference; fileEncoding = 4; lastKnownFileType = sourcecode.c.objc; path = BMBaseModel.m; sourceTree = "<group>"; };
		3CEDFA071BE6452300ADA0E2 /* BMPage.h */ = {isa = PBXFileReference; fileEncoding = 4; lastKnownFileType = sourcecode.c.h; path = BMPage.h; sourceTree = "<group>"; };
		3CEDFA081BE6452300ADA0E2 /* BMPage.m */ = {isa = PBXFileReference; fileEncoding = 4; lastKnownFileType = sourcecode.c.objc; path = BMPage.m; sourceTree = "<group>"; };
		3CEDFA0A1BE6452300ADA0E2 /* BMUtils.h */ = {isa = PBXFileReference; fileEncoding = 4; lastKnownFileType = sourcecode.c.h; path = BMUtils.h; sourceTree = "<group>"; };
		3CEDFA0B1BE6452300ADA0E2 /* BMUtils.m */ = {isa = PBXFileReference; fileEncoding = 4; lastKnownFileType = sourcecode.c.objc; path = BMUtils.m; sourceTree = "<group>"; };
		3CEDFA0C1BE6452300ADA0E2 /* Singleton.h */ = {isa = PBXFileReference; fileEncoding = 4; lastKnownFileType = sourcecode.c.h; path = Singleton.h; sourceTree = "<group>"; };
		3CEDFA0E1BE6452300ADA0E2 /* BMAvatarView.h */ = {isa = PBXFileReference; fileEncoding = 4; lastKnownFileType = sourcecode.c.h; path = BMAvatarView.h; sourceTree = "<group>"; };
		3CEDFA0F1BE6452300ADA0E2 /* BMAvatarView.m */ = {isa = PBXFileReference; fileEncoding = 4; lastKnownFileType = sourcecode.c.objc; path = BMAvatarView.m; sourceTree = "<group>"; };
		3CEDFA101BE6452300ADA0E2 /* BMDashLine.h */ = {isa = PBXFileReference; fileEncoding = 4; lastKnownFileType = sourcecode.c.h; path = BMDashLine.h; sourceTree = "<group>"; };
		3CEDFA111BE6452300ADA0E2 /* BMDashLine.m */ = {isa = PBXFileReference; fileEncoding = 4; lastKnownFileType = sourcecode.c.objc; path = BMDashLine.m; sourceTree = "<group>"; };
		3CEDFA121BE6452300ADA0E2 /* BMEnableIQKeyboardView.h */ = {isa = PBXFileReference; fileEncoding = 4; lastKnownFileType = sourcecode.c.h; path = BMEnableIQKeyboardView.h; sourceTree = "<group>"; };
		3CEDFA131BE6452300ADA0E2 /* BMEnableIQKeyboardView.m */ = {isa = PBXFileReference; fileEncoding = 4; lastKnownFileType = sourcecode.c.objc; path = BMEnableIQKeyboardView.m; sourceTree = "<group>"; };
		3CEDFA141BE6452300ADA0E2 /* BMNoHilightButton.h */ = {isa = PBXFileReference; fileEncoding = 4; lastKnownFileType = sourcecode.c.h; path = BMNoHilightButton.h; sourceTree = "<group>"; };
		3CEDFA151BE6452300ADA0E2 /* BMNoHilightButton.m */ = {isa = PBXFileReference; fileEncoding = 4; lastKnownFileType = sourcecode.c.objc; path = BMNoHilightButton.m; sourceTree = "<group>"; };
		3CEDFA161BE6452300ADA0E2 /* BMTextView.h */ = {isa = PBXFileReference; fileEncoding = 4; lastKnownFileType = sourcecode.c.h; path = BMTextView.h; sourceTree = "<group>"; };
		3CEDFA171BE6452300ADA0E2 /* BMTextView.m */ = {isa = PBXFileReference; fileEncoding = 4; lastKnownFileType = sourcecode.c.objc; path = BMTextView.m; sourceTree = "<group>"; };
/* End PBXFileReference section */

/* Begin PBXFrameworksBuildPhase section */
		3CEDF9971BE63B5700ADA0E2 /* Frameworks */ = {
			isa = PBXFrameworksBuildPhase;
			buildActionMask = 2147483647;
			files = (
			);
			runOnlyForDeploymentPostprocessing = 0;
		};
/* End PBXFrameworksBuildPhase section */

/* Begin PBXGroup section */
		3CEDF9911BE63B5700ADA0E2 = {
			isa = PBXGroup;
			children = (
				3CEDF9F01BE6452300ADA0E2 /* BM4Group */,
				3CEDF99C1BE63B5700ADA0E2 /* BM4GroupExample */,
				3CEDF99B1BE63B5700ADA0E2 /* Products */,
			);
			sourceTree = "<group>";
		};
		3CEDF99B1BE63B5700ADA0E2 /* Products */ = {
			isa = PBXGroup;
			children = (
				3CEDF99A1BE63B5700ADA0E2 /* BM4GroupExample.app */,
			);
			name = Products;
			sourceTree = "<group>";
		};
		3CEDF99C1BE63B5700ADA0E2 /* BM4GroupExample */ = {
			isa = PBXGroup;
			children = (
				3CEDF9A01BE63B5700ADA0E2 /* AppDelegate.h */,
				3CEDF9A11BE63B5700ADA0E2 /* AppDelegate.m */,
				3CEDF9A31BE63B5700ADA0E2 /* ViewController.h */,
				3CEDF9A41BE63B5700ADA0E2 /* ViewController.m */,
				3CEDF9A61BE63B5700ADA0E2 /* Main.storyboard */,
				3CEDF9A91BE63B5700ADA0E2 /* Assets.xcassets */,
				3CEDF9AB1BE63B5700ADA0E2 /* LaunchScreen.storyboard */,
				3CEDF9AE1BE63B5700ADA0E2 /* Info.plist */,
				3CEDF99D1BE63B5700ADA0E2 /* Supporting Files */,
			);
			path = BM4GroupExample;
			sourceTree = "<group>";
		};
		3CEDF99D1BE63B5700ADA0E2 /* Supporting Files */ = {
			isa = PBXGroup;
			children = (
				3CEDF99E1BE63B5700ADA0E2 /* main.m */,
			);
			name = "Supporting Files";
			sourceTree = "<group>";
		};
		3CEDF9F01BE6452300ADA0E2 /* BM4Group */ = {
			isa = PBXGroup;
			children = (
				3CEDF9F11BE6452300ADA0E2 /* BM4Group.h */,
				3CEDF9F21BE6452300ADA0E2 /* BMGlobalMacro.h */,
				3CEDF9F31BE6452300ADA0E2 /* Category */,
				3CEDFA041BE6452300ADA0E2 /* Model */,
				3CEDFA091BE6452300ADA0E2 /* Tool */,
				3CEDFA0D1BE6452300ADA0E2 /* View */,
			);
			name = BM4Group;
			path = ../BM4Group;
			sourceTree = "<group>";
		};
		3CEDF9F31BE6452300ADA0E2 /* Category */ = {
			isa = PBXGroup;
			children = (
				3CEDF9F41BE6452300ADA0E2 /* Foundation */,
				3CEDF9FB1BE6452300ADA0E2 /* UIKit */,
			);
			path = Category;
			sourceTree = "<group>";
		};
		3CEDF9F41BE6452300ADA0E2 /* Foundation */ = {
			isa = PBXGroup;
			children = (
				3CEDF9F51BE6452300ADA0E2 /* NSDate+BM.h */,
				3CEDF9F61BE6452300ADA0E2 /* NSDate+BM.m */,
				3CEDF9F71BE6452300ADA0E2 /* NSDateFormatter+Category.h */,
				3CEDF9F81BE6452300ADA0E2 /* NSDateFormatter+Category.m */,
				3CEDF9F91BE6452300ADA0E2 /* NSString+BM.h */,
				3CEDF9FA1BE6452300ADA0E2 /* NSString+BM.m */,
			);
			path = Foundation;
			sourceTree = "<group>";
		};
		3CEDF9FB1BE6452300ADA0E2 /* UIKit */ = {
			isa = PBXGroup;
			children = (
				3CEDF9FC1BE6452300ADA0E2 /* UIImage+BM.h */,
				3CEDF9FD1BE6452300ADA0E2 /* UIImage+BM.m */,
				3CEDF9FE1BE6452300ADA0E2 /* UIView+AutoLayoutDebugging.h */,
				3CEDF9FF1BE6452300ADA0E2 /* UIView+AutoLayoutDebugging.m */,
				3CEDFA001BE6452300ADA0E2 /* UIView+Convenience.h */,
				3CEDFA011BE6452300ADA0E2 /* UIView+Convenience.m */,
				3CEDFA021BE6452300ADA0E2 /* UIViewController+BM.h */,
				3CEDFA031BE6452300ADA0E2 /* UIViewController+BM.m */,
			);
			path = UIKit;
			sourceTree = "<group>";
		};
		3CEDFA041BE6452300ADA0E2 /* Model */ = {
			isa = PBXGroup;
			children = (
				3CEDFA051BE6452300ADA0E2 /* BMBaseModel.h */,
				3CEDFA061BE6452300ADA0E2 /* BMBaseModel.m */,
				3CEDFA071BE6452300ADA0E2 /* BMPage.h */,
				3CEDFA081BE6452300ADA0E2 /* BMPage.m */,
			);
			path = Model;
			sourceTree = "<group>";
		};
		3CEDFA091BE6452300ADA0E2 /* Tool */ = {
			isa = PBXGroup;
			children = (
				3CEDFA0A1BE6452300ADA0E2 /* BMUtils.h */,
				3CEDFA0B1BE6452300ADA0E2 /* BMUtils.m */,
				3CEDFA0C1BE6452300ADA0E2 /* Singleton.h */,
			);
			path = Tool;
			sourceTree = "<group>";
		};
		3CEDFA0D1BE6452300ADA0E2 /* View */ = {
			isa = PBXGroup;
			children = (
				3CEDFA0E1BE6452300ADA0E2 /* BMAvatarView.h */,
				3CEDFA0F1BE6452300ADA0E2 /* BMAvatarView.m */,
				3CEDFA101BE6452300ADA0E2 /* BMDashLine.h */,
				3CEDFA111BE6452300ADA0E2 /* BMDashLine.m */,
				3CEDFA121BE6452300ADA0E2 /* BMEnableIQKeyboardView.h */,
				3CEDFA131BE6452300ADA0E2 /* BMEnableIQKeyboardView.m */,
				3CEDFA141BE6452300ADA0E2 /* BMNoHilightButton.h */,
				3CEDFA151BE6452300ADA0E2 /* BMNoHilightButton.m */,
				3CEDFA161BE6452300ADA0E2 /* BMTextView.h */,
				3CEDFA171BE6452300ADA0E2 /* BMTextView.m */,
			);
			path = View;
			sourceTree = "<group>";
		};
/* End PBXGroup section */

/* Begin PBXNativeTarget section */
		3CEDF9991BE63B5700ADA0E2 /* BM4GroupExample */ = {
			isa = PBXNativeTarget;
			buildConfigurationList = 3CEDF9B11BE63B5700ADA0E2 /* Build configuration list for PBXNativeTarget "BM4GroupExample" */;
			buildPhases = (
				3CEDF9961BE63B5700ADA0E2 /* Sources */,
				3CEDF9971BE63B5700ADA0E2 /* Frameworks */,
				3CEDF9981BE63B5700ADA0E2 /* Resources */,
			);
			buildRules = (
			);
			dependencies = (
			);
			name = BM4GroupExample;
			productName = BM4GroupExample;
			productReference = 3CEDF99A1BE63B5700ADA0E2 /* BM4GroupExample.app */;
			productType = "com.apple.product-type.application";
		};
/* End PBXNativeTarget section */

/* Begin PBXProject section */
		3CEDF9921BE63B5700ADA0E2 /* Project object */ = {
			isa = PBXProject;
			attributes = {
				LastUpgradeCheck = 0700;
				ORGANIZATIONNAME = "陈宇";
				TargetAttributes = {
					3CEDF9991BE63B5700ADA0E2 = {
						CreatedOnToolsVersion = 7.0.1;
					};
				};
			};
			buildConfigurationList = 3CEDF9951BE63B5700ADA0E2 /* Build configuration list for PBXProject "BM4GroupExample" */;
			compatibilityVersion = "Xcode 3.2";
			developmentRegion = English;
			hasScannedForEncodings = 0;
			knownRegions = (
				en,
				Base,
			);
			mainGroup = 3CEDF9911BE63B5700ADA0E2;
			productRefGroup = 3CEDF99B1BE63B5700ADA0E2 /* Products */;
			projectDirPath = "";
			projectRoot = "";
			targets = (
				3CEDF9991BE63B5700ADA0E2 /* BM4GroupExample */,
			);
		};
/* End PBXProject section */

/* Begin PBXResourcesBuildPhase section */
		3CEDF9981BE63B5700ADA0E2 /* Resources */ = {
			isa = PBXResourcesBuildPhase;
			buildActionMask = 2147483647;
			files = (
				3CEDF9AD1BE63B5700ADA0E2 /* LaunchScreen.storyboard in Resources */,
				3CEDF9AA1BE63B5700ADA0E2 /* Assets.xcassets in Resources */,
				3CEDF9A81BE63B5700ADA0E2 /* Main.storyboard in Resources */,
			);
			runOnlyForDeploymentPostprocessing = 0;
		};
/* End PBXResourcesBuildPhase section */

/* Begin PBXSourcesBuildPhase section */
		3CEDF9961BE63B5700ADA0E2 /* Sources */ = {
			isa = PBXSourcesBuildPhase;
			buildActionMask = 2147483647;
			files = (
				3CEDFA221BE6452300ADA0E2 /* BMAvatarView.m in Sources */,
				3CEDFA1D1BE6452300ADA0E2 /* UIView+Convenience.m in Sources */,
				3CEDF9A51BE63B5700ADA0E2 /* ViewController.m in Sources */,
				3CEDFA231BE6452300ADA0E2 /* BMDashLine.m in Sources */,
				3CEDF9A21BE63B5700ADA0E2 /* AppDelegate.m in Sources */,
				3CEDFA1B1BE6452300ADA0E2 /* UIImage+BM.m in Sources */,
				3CEDFA191BE6452300ADA0E2 /* NSDateFormatter+Category.m in Sources */,
				3CEDFA211BE6452300ADA0E2 /* BMUtils.m in Sources */,
				3CEDF99F1BE63B5700ADA0E2 /* main.m in Sources */,
				3CEDFA1A1BE6452300ADA0E2 /* NSString+BM.m in Sources */,
				3CEDFA1C1BE6452300ADA0E2 /* UIView+AutoLayoutDebugging.m in Sources */,
				3CEDFA181BE6452300ADA0E2 /* NSDate+BM.m in Sources */,
				3CEDFA241BE6452300ADA0E2 /* BMEnableIQKeyboardView.m in Sources */,
				3CEDFA261BE6452300ADA0E2 /* BMTextView.m in Sources */,
				3CEDFA251BE6452300ADA0E2 /* BMNoHilightButton.m in Sources */,
			);
			runOnlyForDeploymentPostprocessing = 0;
		};
/* End PBXSourcesBuildPhase section */

/* Begin PBXVariantGroup section */
		3CEDF9A61BE63B5700ADA0E2 /* Main.storyboard */ = {
			isa = PBXVariantGroup;
			children = (
				3CEDF9A71BE63B5700ADA0E2 /* Base */,
			);
			name = Main.storyboard;
			sourceTree = "<group>";
		};
		3CEDF9AB1BE63B5700ADA0E2 /* LaunchScreen.storyboard */ = {
			isa = PBXVariantGroup;
			children = (
				3CEDF9AC1BE63B5700ADA0E2 /* Base */,
			);
			name = LaunchScreen.storyboard;
			sourceTree = "<group>";
		};
/* End PBXVariantGroup section */

/* Begin XCBuildConfiguration section */
		3CEDF9AF1BE63B5700ADA0E2 /* Debug */ = {
			isa = XCBuildConfiguration;
			buildSettings = {
				ALWAYS_SEARCH_USER_PATHS = NO;
				CLANG_CXX_LANGUAGE_STANDARD = "gnu++0x";
				CLANG_CXX_LIBRARY = "libc++";
				CLANG_ENABLE_MODULES = YES;
				CLANG_ENABLE_OBJC_ARC = YES;
				CLANG_WARN_BOOL_CONVERSION = YES;
				CLANG_WARN_CONSTANT_CONVERSION = YES;
				CLANG_WARN_DIRECT_OBJC_ISA_USAGE = YES_ERROR;
				CLANG_WARN_EMPTY_BODY = YES;
				CLANG_WARN_ENUM_CONVERSION = YES;
				CLANG_WARN_INT_CONVERSION = YES;
				CLANG_WARN_OBJC_ROOT_CLASS = YES_ERROR;
				CLANG_WARN_UNREACHABLE_CODE = YES;
				CLANG_WARN__DUPLICATE_METHOD_MATCH = YES;
				"CODE_SIGN_IDENTITY[sdk=iphoneos*]" = "iPhone Developer";
				COPY_PHASE_STRIP = NO;
				DEBUG_INFORMATION_FORMAT = dwarf;
				ENABLE_STRICT_OBJC_MSGSEND = YES;
				ENABLE_TESTABILITY = YES;
				GCC_C_LANGUAGE_STANDARD = gnu99;
				GCC_DYNAMIC_NO_PIC = NO;
				GCC_NO_COMMON_BLOCKS = YES;
				GCC_OPTIMIZATION_LEVEL = 0;
				GCC_PREPROCESSOR_DEFINITIONS = (
					"DEBUG=1",
					"$(inherited)",
				);
				GCC_WARN_64_TO_32_BIT_CONVERSION = YES;
				GCC_WARN_ABOUT_RETURN_TYPE = YES_ERROR;
				GCC_WARN_UNDECLARED_SELECTOR = YES;
				GCC_WARN_UNINITIALIZED_AUTOS = YES_AGGRESSIVE;
				GCC_WARN_UNUSED_FUNCTION = YES;
				GCC_WARN_UNUSED_VARIABLE = YES;
				IPHONEOS_DEPLOYMENT_TARGET = 9.0;
				MTL_ENABLE_DEBUG_INFO = YES;
				ONLY_ACTIVE_ARCH = YES;
				SDKROOT = iphoneos;
			};
			name = Debug;
		};
		3CEDF9B01BE63B5700ADA0E2 /* Release */ = {
			isa = XCBuildConfiguration;
			buildSettings = {
				ALWAYS_SEARCH_USER_PATHS = NO;
				CLANG_CXX_LANGUAGE_STANDARD = "gnu++0x";
				CLANG_CXX_LIBRARY = "libc++";
				CLANG_ENABLE_MODULES = YES;
				CLANG_ENABLE_OBJC_ARC = YES;
				CLANG_WARN_BOOL_CONVERSION = YES;
				CLANG_WARN_CONSTANT_CONVERSION = YES;
				CLANG_WARN_DIRECT_OBJC_ISA_USAGE = YES_ERROR;
				CLANG_WARN_EMPTY_BODY = YES;
				CLANG_WARN_ENUM_CONVERSION = YES;
				CLANG_WARN_INT_CONVERSION = YES;
				CLANG_WARN_OBJC_ROOT_CLASS = YES_ERROR;
				CLANG_WARN_UNREACHABLE_CODE = YES;
				CLANG_WARN__DUPLICATE_METHOD_MATCH = YES;
				"CODE_SIGN_IDENTITY[sdk=iphoneos*]" = "iPhone Developer";
				COPY_PHASE_STRIP = NO;
				DEBUG_INFORMATION_FORMAT = "dwarf-with-dsym";
				ENABLE_NS_ASSERTIONS = NO;
				ENABLE_STRICT_OBJC_MSGSEND = YES;
				GCC_C_LANGUAGE_STANDARD = gnu99;
				GCC_NO_COMMON_BLOCKS = YES;
				GCC_WARN_64_TO_32_BIT_CONVERSION = YES;
				GCC_WARN_ABOUT_RETURN_TYPE = YES_ERROR;
				GCC_WARN_UNDECLARED_SELECTOR = YES;
				GCC_WARN_UNINITIALIZED_AUTOS = YES_AGGRESSIVE;
				GCC_WARN_UNUSED_FUNCTION = YES;
				GCC_WARN_UNUSED_VARIABLE = YES;
				IPHONEOS_DEPLOYMENT_TARGET = 9.0;
				MTL_ENABLE_DEBUG_INFO = NO;
				SDKROOT = iphoneos;
				VALIDATE_PRODUCT = YES;
			};
			name = Release;
		};
		3CEDF9B21BE63B5700ADA0E2 /* Debug */ = {
			isa = XCBuildConfiguration;
			buildSettings = {
				ASSETCATALOG_COMPILER_APPICON_NAME = AppIcon;
				INFOPLIST_FILE = BM4GroupExample/Info.plist;
				LD_RUNPATH_SEARCH_PATHS = "$(inherited) @executable_path/Frameworks";
				PRODUCT_BUNDLE_IDENTIFIER = com.chrain.BM4GroupExample;
				PRODUCT_NAME = "$(TARGET_NAME)";
			};
			name = Debug;
		};
		3CEDF9B31BE63B5700ADA0E2 /* Release */ = {
			isa = XCBuildConfiguration;
			buildSettings = {
				ASSETCATALOG_COMPILER_APPICON_NAME = AppIcon;
				INFOPLIST_FILE = BM4GroupExample/Info.plist;
				LD_RUNPATH_SEARCH_PATHS = "$(inherited) @executable_path/Frameworks";
				PRODUCT_BUNDLE_IDENTIFIER = com.chrain.BM4GroupExample;
				PRODUCT_NAME = "$(TARGET_NAME)";
			};
			name = Release;
		};
/* End XCBuildConfiguration section */

/* Begin XCConfigurationList section */
		3CEDF9951BE63B5700ADA0E2 /* Build configuration list for PBXProject "BM4GroupExample" */ = {
			isa = XCConfigurationList;
			buildConfigurations = (
				3CEDF9AF1BE63B5700ADA0E2 /* Debug */,
				3CEDF9B01BE63B5700ADA0E2 /* Release */,
			);
			defaultConfigurationIsVisible = 0;
			defaultConfigurationName = Release;
		};
		3CEDF9B11BE63B5700ADA0E2 /* Build configuration list for PBXNativeTarget "BM4GroupExample" */ = {
			isa = XCConfigurationList;
			buildConfigurations = (
				3CEDF9B21BE63B5700ADA0E2 /* Debug */,
				3CEDF9B31BE63B5700ADA0E2 /* Release */,
			);
			defaultConfigurationIsVisible = 0;
			defaultConfigurationName = Release;
		};
/* End XCConfigurationList section */
	};
	rootObject = 3CEDF9921BE63B5700ADA0E2 /* Project object */;
}
