// !$*UTF8*$!
{
	archiveVersion = 1;
	classes = {
	};
	objectVersion = 46;
	objects = {

/* Begin PBXBuildFile section */
		3C0A13CF1E123CA900BD8424 /* BMMediator.m in Sources */ = {isa = PBXBuildFile; fileRef = 3C0A13CE1E123CA900BD8424 /* BMMediator.m */; };
		3C0BC2F21C73278C0091B542 /* NSNull+Exist.m in Sources */ = {isa = PBXBuildFile; fileRef = 3C0BC2C61C73278C0091B542 /* NSNull+Exist.m */; };
		3C0BC2F31C73278C0091B542 /* NSString+Exist.m in Sources */ = {isa = PBXBuildFile; fileRef = 3C0BC2C81C73278C0091B542 /* NSString+Exist.m */; };
		3C0BC2F41C73278C0091B542 /* BMDashLine.m in Sources */ = {isa = PBXBuildFile; fileRef = 3C0BC2CB1C73278C0091B542 /* BMDashLine.m */; };
		3C0BC2F51C73278C0091B542 /* BMEnableIQKeyboardView.m in Sources */ = {isa = PBXBuildFile; fileRef = 3C0BC2CD1C73278C0091B542 /* BMEnableIQKeyboardView.m */; };
		3C0BC2F61C73278C0091B542 /* BMSpinnerView.m in Sources */ = {isa = PBXBuildFile; fileRef = 3C0BC2CF1C73278C0091B542 /* BMSpinnerView.m */; };
		3C0BC2F71C73278C0091B542 /* BMUnderLineView.m in Sources */ = {isa = PBXBuildFile; fileRef = 3C0BC2D11C73278C0091B542 /* BMUnderLineView.m */; };
		3C0BC2F81C73278C0091B542 /* UIImage+Orientation.m in Sources */ = {isa = PBXBuildFile; fileRef = 3C0BC2D31C73278C0091B542 /* UIImage+Orientation.m */; };
		3C0BC2F91C73278C0091B542 /* UIView+AutoLayoutDebugging.m in Sources */ = {isa = PBXBuildFile; fileRef = 3C0BC2D51C73278C0091B542 /* UIView+AutoLayoutDebugging.m */; };
		3C0BC2FA1C73278C0091B542 /* UIViewController+Alert.m in Sources */ = {isa = PBXBuildFile; fileRef = 3C0BC2D71C73278C0091B542 /* UIViewController+Alert.m */; };
		3C0BC2FB1C73278C0091B542 /* UIViewController+Message.m in Sources */ = {isa = PBXBuildFile; fileRef = 3C0BC2D91C73278C0091B542 /* UIViewController+Message.m */; };
		3C0BC2FC1C73278C0091B542 /* AccountHelper.m in Sources */ = {isa = PBXBuildFile; fileRef = 3C0BC2DD1C73278C0091B542 /* AccountHelper.m */; };
		3C0BC2FD1C73278C0091B542 /* BMToast.m in Sources */ = {isa = PBXBuildFile; fileRef = 3C0BC2DF1C73278C0091B542 /* BMToast.m */; };
		3C0BC2FE1C73278C0091B542 /* HttpClient.m in Sources */ = {isa = PBXBuildFile; fileRef = 3C0BC2E11C73278C0091B542 /* HttpClient.m */; };
		3C0BC3001C73278C0091B542 /* BMBaseModel.m in Sources */ = {isa = PBXBuildFile; fileRef = 3C0BC2E61C73278C0091B542 /* BMBaseModel.m */; };
		3C0BC3011C73278C0091B542 /* BMPage.m in Sources */ = {isa = PBXBuildFile; fileRef = 3C0BC2E81C73278C0091B542 /* BMPage.m */; };
		3C0BC3021C73278C0091B542 /* BMRequest.m in Sources */ = {isa = PBXBuildFile; fileRef = 3C0BC2EA1C73278C0091B542 /* BMRequest.m */; };
		3C0BC3031C73278C0091B542 /* BMResponse.m in Sources */ = {isa = PBXBuildFile; fileRef = 3C0BC2EC1C73278C0091B542 /* BMResponse.m */; };
		3C0BC3041C73278C0091B542 /* BMUtils.m in Sources */ = {isa = PBXBuildFile; fileRef = 3C0BC2EF1C73278C0091B542 /* BMUtils.m */; };
		3C0BC3051C73278C0091B542 /* StoreUtility.m in Sources */ = {isa = PBXBuildFile; fileRef = 3C0BC2F11C73278C0091B542 /* StoreUtility.m */; };
		3C1284091C25419B0014D953 /* main.m in Sources */ = {isa = PBXBuildFile; fileRef = 3C1284081C25419B0014D953 /* main.m */; };
		3C12840C1C25419B0014D953 /* AppDelegate.m in Sources */ = {isa = PBXBuildFile; fileRef = 3C12840B1C25419B0014D953 /* AppDelegate.m */; };
		3C12840F1C25419B0014D953 /* ViewController.m in Sources */ = {isa = PBXBuildFile; fileRef = 3C12840E1C25419B0014D953 /* ViewController.m */; };
		3C1284121C25419B0014D953 /* Main.storyboard in Resources */ = {isa = PBXBuildFile; fileRef = 3C1284101C25419B0014D953 /* Main.storyboard */; };
		3C1284141C25419B0014D953 /* Assets.xcassets in Resources */ = {isa = PBXBuildFile; fileRef = 3C1284131C25419B0014D953 /* Assets.xcassets */; };
		3C1284171C25419B0014D953 /* LaunchScreen.storyboard in Resources */ = {isa = PBXBuildFile; fileRef = 3C1284151C25419B0014D953 /* LaunchScreen.storyboard */; };
		3CC3EC9E1C7869FE00B43E7B /* UIView+Extension.m in Sources */ = {isa = PBXBuildFile; fileRef = 3CC3EC9D1C7869FE00B43E7B /* UIView+Extension.m */; };
/* End PBXBuildFile section */

/* Begin PBXFileReference section */
		3C0A13CD1E123CA900BD8424 /* BMMediator.h */ = {isa = PBXFileReference; fileEncoding = 4; lastKnownFileType = sourcecode.c.h; path = BMMediator.h; sourceTree = "<group>"; };
		3C0A13CE1E123CA900BD8424 /* BMMediator.m */ = {isa = PBXFileReference; fileEncoding = 4; lastKnownFileType = sourcecode.c.objc; path = BMMediator.m; sourceTree = "<group>"; };
		3C0BC2C31C73278C0091B542 /* BM4GroupMacro.h */ = {isa = PBXFileReference; fileEncoding = 4; lastKnownFileType = sourcecode.c.h; path = BM4GroupMacro.h; sourceTree = "<group>"; };
		3C0BC2C51C73278C0091B542 /* NSNull+Exist.h */ = {isa = PBXFileReference; fileEncoding = 4; lastKnownFileType = sourcecode.c.h; path = "NSNull+Exist.h"; sourceTree = "<group>"; };
		3C0BC2C61C73278C0091B542 /* NSNull+Exist.m */ = {isa = PBXFileReference; fileEncoding = 4; lastKnownFileType = sourcecode.c.objc; path = "NSNull+Exist.m"; sourceTree = "<group>"; };
		3C0BC2C71C73278C0091B542 /* NSString+Exist.h */ = {isa = PBXFileReference; fileEncoding = 4; lastKnownFileType = sourcecode.c.h; path = "NSString+Exist.h"; sourceTree = "<group>"; };
		3C0BC2C81C73278C0091B542 /* NSString+Exist.m */ = {isa = PBXFileReference; fileEncoding = 4; lastKnownFileType = sourcecode.c.objc; path = "NSString+Exist.m"; sourceTree = "<group>"; };
		3C0BC2CA1C73278C0091B542 /* BMDashLine.h */ = {isa = PBXFileReference; fileEncoding = 4; lastKnownFileType = sourcecode.c.h; path = BMDashLine.h; sourceTree = "<group>"; };
		3C0BC2CB1C73278C0091B542 /* BMDashLine.m */ = {isa = PBXFileReference; fileEncoding = 4; lastKnownFileType = sourcecode.c.objc; path = BMDashLine.m; sourceTree = "<group>"; };
		3C0BC2CC1C73278C0091B542 /* BMEnableIQKeyboardView.h */ = {isa = PBXFileReference; fileEncoding = 4; lastKnownFileType = sourcecode.c.h; path = BMEnableIQKeyboardView.h; sourceTree = "<group>"; };
		3C0BC2CD1C73278C0091B542 /* BMEnableIQKeyboardView.m */ = {isa = PBXFileReference; fileEncoding = 4; lastKnownFileType = sourcecode.c.objc; path = BMEnableIQKeyboardView.m; sourceTree = "<group>"; };
		3C0BC2CE1C73278C0091B542 /* BMSpinnerView.h */ = {isa = PBXFileReference; fileEncoding = 4; lastKnownFileType = sourcecode.c.h; path = BMSpinnerView.h; sourceTree = "<group>"; };
		3C0BC2CF1C73278C0091B542 /* BMSpinnerView.m */ = {isa = PBXFileReference; fileEncoding = 4; lastKnownFileType = sourcecode.c.objc; path = BMSpinnerView.m; sourceTree = "<group>"; };
		3C0BC2D01C73278C0091B542 /* BMUnderLineView.h */ = {isa = PBXFileReference; fileEncoding = 4; lastKnownFileType = sourcecode.c.h; path = BMUnderLineView.h; sourceTree = "<group>"; };
		3C0BC2D11C73278C0091B542 /* BMUnderLineView.m */ = {isa = PBXFileReference; fileEncoding = 4; lastKnownFileType = sourcecode.c.objc; path = BMUnderLineView.m; sourceTree = "<group>"; };
		3C0BC2D21C73278C0091B542 /* UIImage+Orientation.h */ = {isa = PBXFileReference; fileEncoding = 4; lastKnownFileType = sourcecode.c.h; path = "UIImage+Orientation.h"; sourceTree = "<group>"; };
		3C0BC2D31C73278C0091B542 /* UIImage+Orientation.m */ = {isa = PBXFileReference; fileEncoding = 4; lastKnownFileType = sourcecode.c.objc; path = "UIImage+Orientation.m"; sourceTree = "<group>"; };
		3C0BC2D41C73278C0091B542 /* UIView+AutoLayoutDebugging.h */ = {isa = PBXFileReference; fileEncoding = 4; lastKnownFileType = sourcecode.c.h; path = "UIView+AutoLayoutDebugging.h"; sourceTree = "<group>"; };
		3C0BC2D51C73278C0091B542 /* UIView+AutoLayoutDebugging.m */ = {isa = PBXFileReference; fileEncoding = 4; lastKnownFileType = sourcecode.c.objc; path = "UIView+AutoLayoutDebugging.m"; sourceTree = "<group>"; };
		3C0BC2D61C73278C0091B542 /* UIViewController+Alert.h */ = {isa = PBXFileReference; fileEncoding = 4; lastKnownFileType = sourcecode.c.h; path = "UIViewController+Alert.h"; sourceTree = "<group>"; };
		3C0BC2D71C73278C0091B542 /* UIViewController+Alert.m */ = {isa = PBXFileReference; fileEncoding = 4; lastKnownFileType = sourcecode.c.objc; path = "UIViewController+Alert.m"; sourceTree = "<group>"; };
		3C0BC2D81C73278C0091B542 /* UIViewController+Message.h */ = {isa = PBXFileReference; fileEncoding = 4; lastKnownFileType = sourcecode.c.h; path = "UIViewController+Message.h"; sourceTree = "<group>"; };
		3C0BC2D91C73278C0091B542 /* UIViewController+Message.m */ = {isa = PBXFileReference; fileEncoding = 4; lastKnownFileType = sourcecode.c.objc; path = "UIViewController+Message.m"; sourceTree = "<group>"; };
		3C0BC2DA1C73278C0091B542 /* BM4Group.h */ = {isa = PBXFileReference; fileEncoding = 4; lastKnownFileType = sourcecode.c.h; path = BM4Group.h; sourceTree = "<group>"; };
		3C0BC2DC1C73278C0091B542 /* AccountHelper.h */ = {isa = PBXFileReference; fileEncoding = 4; lastKnownFileType = sourcecode.c.h; path = AccountHelper.h; sourceTree = "<group>"; };
		3C0BC2DD1C73278C0091B542 /* AccountHelper.m */ = {isa = PBXFileReference; fileEncoding = 4; lastKnownFileType = sourcecode.c.objc; path = AccountHelper.m; sourceTree = "<group>"; };
		3C0BC2DE1C73278C0091B542 /* BMToast.h */ = {isa = PBXFileReference; fileEncoding = 4; lastKnownFileType = sourcecode.c.h; path = BMToast.h; sourceTree = "<group>"; };
		3C0BC2DF1C73278C0091B542 /* BMToast.m */ = {isa = PBXFileReference; fileEncoding = 4; lastKnownFileType = sourcecode.c.objc; path = BMToast.m; sourceTree = "<group>"; };
		3C0BC2E01C73278C0091B542 /* HttpClient.h */ = {isa = PBXFileReference; fileEncoding = 4; lastKnownFileType = sourcecode.c.h; path = HttpClient.h; sourceTree = "<group>"; };
		3C0BC2E11C73278C0091B542 /* HttpClient.m */ = {isa = PBXFileReference; fileEncoding = 4; lastKnownFileType = sourcecode.c.objc; path = HttpClient.m; sourceTree = "<group>"; };
		3C0BC2E51C73278C0091B542 /* BMBaseModel.h */ = {isa = PBXFileReference; fileEncoding = 4; lastKnownFileType = sourcecode.c.h; path = BMBaseModel.h; sourceTree = "<group>"; };
		3C0BC2E61C73278C0091B542 /* BMBaseModel.m */ = {isa = PBXFileReference; fileEncoding = 4; lastKnownFileType = sourcecode.c.objc; path = BMBaseModel.m; sourceTree = "<group>"; };
		3C0BC2E71C73278C0091B542 /* BMPage.h */ = {isa = PBXFileReference; fileEncoding = 4; lastKnownFileType = sourcecode.c.h; path = BMPage.h; sourceTree = "<group>"; };
		3C0BC2E81C73278C0091B542 /* BMPage.m */ = {isa = PBXFileReference; fileEncoding = 4; lastKnownFileType = sourcecode.c.objc; path = BMPage.m; sourceTree = "<group>"; };
		3C0BC2E91C73278C0091B542 /* BMRequest.h */ = {isa = PBXFileReference; fileEncoding = 4; lastKnownFileType = sourcecode.c.h; path = BMRequest.h; sourceTree = "<group>"; };
		3C0BC2EA1C73278C0091B542 /* BMRequest.m */ = {isa = PBXFileReference; fileEncoding = 4; lastKnownFileType = sourcecode.c.objc; path = BMRequest.m; sourceTree = "<group>"; };
		3C0BC2EB1C73278C0091B542 /* BMResponse.h */ = {isa = PBXFileReference; fileEncoding = 4; lastKnownFileType = sourcecode.c.h; path = BMResponse.h; sourceTree = "<group>"; };
		3C0BC2EC1C73278C0091B542 /* BMResponse.m */ = {isa = PBXFileReference; fileEncoding = 4; lastKnownFileType = sourcecode.c.objc; path = BMResponse.m; sourceTree = "<group>"; };
		3C0BC2EE1C73278C0091B542 /* BMUtils.h */ = {isa = PBXFileReference; fileEncoding = 4; lastKnownFileType = sourcecode.c.h; path = BMUtils.h; sourceTree = "<group>"; };
		3C0BC2EF1C73278C0091B542 /* BMUtils.m */ = {isa = PBXFileReference; fileEncoding = 4; lastKnownFileType = sourcecode.c.objc; path = BMUtils.m; sourceTree = "<group>"; };
		3C0BC2F01C73278C0091B542 /* StoreUtility.h */ = {isa = PBXFileReference; fileEncoding = 4; lastKnownFileType = sourcecode.c.h; path = StoreUtility.h; sourceTree = "<group>"; };
		3C0BC2F11C73278C0091B542 /* StoreUtility.m */ = {isa = PBXFileReference; fileEncoding = 4; lastKnownFileType = sourcecode.c.objc; path = StoreUtility.m; sourceTree = "<group>"; };
		3C1284041C25419B0014D953 /* BM4GroupExample.app */ = {isa = PBXFileReference; explicitFileType = wrapper.application; includeInIndex = 0; path = BM4GroupExample.app; sourceTree = BUILT_PRODUCTS_DIR; };
		3C1284081C25419B0014D953 /* main.m */ = {isa = PBXFileReference; lastKnownFileType = sourcecode.c.objc; path = main.m; sourceTree = "<group>"; };
		3C12840A1C25419B0014D953 /* AppDelegate.h */ = {isa = PBXFileReference; lastKnownFileType = sourcecode.c.h; path = AppDelegate.h; sourceTree = "<group>"; };
		3C12840B1C25419B0014D953 /* AppDelegate.m */ = {isa = PBXFileReference; lastKnownFileType = sourcecode.c.objc; path = AppDelegate.m; sourceTree = "<group>"; };
		3C12840D1C25419B0014D953 /* ViewController.h */ = {isa = PBXFileReference; lastKnownFileType = sourcecode.c.h; path = ViewController.h; sourceTree = "<group>"; };
		3C12840E1C25419B0014D953 /* ViewController.m */ = {isa = PBXFileReference; lastKnownFileType = sourcecode.c.objc; path = ViewController.m; sourceTree = "<group>"; };
		3C1284111C25419B0014D953 /* Base */ = {isa = PBXFileReference; lastKnownFileType = file.storyboard; name = Base; path = Base.lproj/Main.storyboard; sourceTree = "<group>"; };
		3C1284131C25419B0014D953 /* Assets.xcassets */ = {isa = PBXFileReference; lastKnownFileType = folder.assetcatalog; path = Assets.xcassets; sourceTree = "<group>"; };
		3C1284161C25419B0014D953 /* Base */ = {isa = PBXFileReference; lastKnownFileType = file.storyboard; name = Base; path = Base.lproj/LaunchScreen.storyboard; sourceTree = "<group>"; };
		3C1284181C25419B0014D953 /* Info.plist */ = {isa = PBXFileReference; lastKnownFileType = text.plist.xml; path = Info.plist; sourceTree = "<group>"; };
		3CC3EC9C1C7869FE00B43E7B /* UIView+Extension.h */ = {isa = PBXFileReference; fileEncoding = 4; lastKnownFileType = sourcecode.c.h; path = "UIView+Extension.h"; sourceTree = "<group>"; };
		3CC3EC9D1C7869FE00B43E7B /* UIView+Extension.m */ = {isa = PBXFileReference; fileEncoding = 4; lastKnownFileType = sourcecode.c.objc; path = "UIView+Extension.m"; sourceTree = "<group>"; };
/* End PBXFileReference section */

/* Begin PBXFrameworksBuildPhase section */
		3C1284011C25419B0014D953 /* Frameworks */ = {
			isa = PBXFrameworksBuildPhase;
			buildActionMask = 2147483647;
			files = (
			);
			runOnlyForDeploymentPostprocessing = 0;
		};
/* End PBXFrameworksBuildPhase section */

/* Begin PBXGroup section */
		3C0BC2C11C73278C0091B542 /* BM4Group */ = {
			isa = PBXGroup;
			children = (
				3C0BC2C21C73278C0091B542 /* Base */,
				3C0BC2DA1C73278C0091B542 /* BM4Group.h */,
				3C0BC2DB1C73278C0091B542 /* Helper */,
				3C0BC2E41C73278C0091B542 /* Model */,
				3C0BC2ED1C73278C0091B542 /* Utility */,
			);
			name = BM4Group;
			path = ../../BM4Group;
			sourceTree = "<group>";
		};
		3C0BC2C21C73278C0091B542 /* Base */ = {
			isa = PBXGroup;
			children = (
				3C0BC2C31C73278C0091B542 /* BM4GroupMacro.h */,
				3C0BC2C41C73278C0091B542 /* Foundation */,
				3C0BC2C91C73278C0091B542 /* UIKit */,
			);
			path = Base;
			sourceTree = "<group>";
		};
		3C0BC2C41C73278C0091B542 /* Foundation */ = {
			isa = PBXGroup;
			children = (
				3C0BC2C51C73278C0091B542 /* NSNull+Exist.h */,
				3C0BC2C61C73278C0091B542 /* NSNull+Exist.m */,
				3C0BC2C71C73278C0091B542 /* NSString+Exist.h */,
				3C0BC2C81C73278C0091B542 /* NSString+Exist.m */,
			);
			path = Foundation;
			sourceTree = "<group>";
		};
		3C0BC2C91C73278C0091B542 /* UIKit */ = {
			isa = PBXGroup;
			children = (
				3C0BC2CA1C73278C0091B542 /* BMDashLine.h */,
				3C0BC2CB1C73278C0091B542 /* BMDashLine.m */,
				3C0BC2CC1C73278C0091B542 /* BMEnableIQKeyboardView.h */,
				3C0BC2CD1C73278C0091B542 /* BMEnableIQKeyboardView.m */,
				3C0BC2CE1C73278C0091B542 /* BMSpinnerView.h */,
				3C0BC2CF1C73278C0091B542 /* BMSpinnerView.m */,
				3C0BC2D01C73278C0091B542 /* BMUnderLineView.h */,
				3C0BC2D11C73278C0091B542 /* BMUnderLineView.m */,
				3C0BC2D21C73278C0091B542 /* UIImage+Orientation.h */,
				3C0BC2D31C73278C0091B542 /* UIImage+Orientation.m */,
				3C0BC2D41C73278C0091B542 /* UIView+AutoLayoutDebugging.h */,
				3C0BC2D51C73278C0091B542 /* UIView+AutoLayoutDebugging.m */,
				3C0BC2D61C73278C0091B542 /* UIViewController+Alert.h */,
				3C0BC2D71C73278C0091B542 /* UIViewController+Alert.m */,
				3C0BC2D81C73278C0091B542 /* UIViewController+Message.h */,
				3C0BC2D91C73278C0091B542 /* UIViewController+Message.m */,
				3CC3EC9C1C7869FE00B43E7B /* UIView+Extension.h */,
				3CC3EC9D1C7869FE00B43E7B /* UIView+Extension.m */,
			);
			path = UIKit;
			sourceTree = "<group>";
		};
		3C0BC2DB1C73278C0091B542 /* Helper */ = {
			isa = PBXGroup;
			children = (
				3C0BC2DC1C73278C0091B542 /* AccountHelper.h */,
				3C0BC2DD1C73278C0091B542 /* AccountHelper.m */,
				3C0BC2DE1C73278C0091B542 /* BMToast.h */,
				3C0BC2DF1C73278C0091B542 /* BMToast.m */,
				3C0BC2E01C73278C0091B542 /* HttpClient.h */,
				3C0BC2E11C73278C0091B542 /* HttpClient.m */,
			);
			path = Helper;
			sourceTree = "<group>";
		};
		3C0BC2E41C73278C0091B542 /* Model */ = {
			isa = PBXGroup;
			children = (
				3C0BC2E51C73278C0091B542 /* BMBaseModel.h */,
				3C0BC2E61C73278C0091B542 /* BMBaseModel.m */,
				3C0BC2E71C73278C0091B542 /* BMPage.h */,
				3C0BC2E81C73278C0091B542 /* BMPage.m */,
				3C0BC2E91C73278C0091B542 /* BMRequest.h */,
				3C0BC2EA1C73278C0091B542 /* BMRequest.m */,
				3C0BC2EB1C73278C0091B542 /* BMResponse.h */,
				3C0BC2EC1C73278C0091B542 /* BMResponse.m */,
			);
			path = Model;
			sourceTree = "<group>";
		};
		3C0BC2ED1C73278C0091B542 /* Utility */ = {
			isa = PBXGroup;
			children = (
				3C0BC2EE1C73278C0091B542 /* BMUtils.h */,
				3C0BC2EF1C73278C0091B542 /* BMUtils.m */,
				3C0BC2F01C73278C0091B542 /* StoreUtility.h */,
				3C0BC2F11C73278C0091B542 /* StoreUtility.m */,
				3C0A13CD1E123CA900BD8424 /* BMMediator.h */,
				3C0A13CE1E123CA900BD8424 /* BMMediator.m */,
			);
			path = Utility;
			sourceTree = "<group>";
		};
		3C1283FB1C25419B0014D953 = {
			isa = PBXGroup;
			children = (
				3C0BC2C11C73278C0091B542 /* BM4Group */,
				3C1284061C25419B0014D953 /* BM4GroupExample */,
				3C1284051C25419B0014D953 /* Products */,
			);
			sourceTree = "<group>";
		};
		3C1284051C25419B0014D953 /* Products */ = {
			isa = PBXGroup;
			children = (
				3C1284041C25419B0014D953 /* BM4GroupExample.app */,
			);
			name = Products;
			sourceTree = "<group>";
		};
		3C1284061C25419B0014D953 /* BM4GroupExample */ = {
			isa = PBXGroup;
			children = (
				3C12840A1C25419B0014D953 /* AppDelegate.h */,
				3C12840B1C25419B0014D953 /* AppDelegate.m */,
				3C12840D1C25419B0014D953 /* ViewController.h */,
				3C12840E1C25419B0014D953 /* ViewController.m */,
				3C1284101C25419B0014D953 /* Main.storyboard */,
				3C1284131C25419B0014D953 /* Assets.xcassets */,
				3C1284151C25419B0014D953 /* LaunchScreen.storyboard */,
				3C1284181C25419B0014D953 /* Info.plist */,
				3C1284071C25419B0014D953 /* Supporting Files */,
			);
			path = BM4GroupExample;
			sourceTree = "<group>";
		};
		3C1284071C25419B0014D953 /* Supporting Files */ = {
			isa = PBXGroup;
			children = (
				3C1284081C25419B0014D953 /* main.m */,
			);
			name = "Supporting Files";
			sourceTree = "<group>";
		};
/* End PBXGroup section */

/* Begin PBXNativeTarget section */
		3C1284031C25419B0014D953 /* BM4GroupExample */ = {
			isa = PBXNativeTarget;
			buildConfigurationList = 3C12841B1C25419B0014D953 /* Build configuration list for PBXNativeTarget "BM4GroupExample" */;
			buildPhases = (
				3C1284001C25419B0014D953 /* Sources */,
				3C1284011C25419B0014D953 /* Frameworks */,
				3C1284021C25419B0014D953 /* Resources */,
			);
			buildRules = (
			);
			dependencies = (
			);
			name = BM4GroupExample;
			productName = BM4GroupExample;
			productReference = 3C1284041C25419B0014D953 /* BM4GroupExample.app */;
			productType = "com.apple.product-type.application";
		};
/* End PBXNativeTarget section */

/* Begin PBXProject section */
		3C1283FC1C25419B0014D953 /* Project object */ = {
			isa = PBXProject;
			attributes = {
				LastUpgradeCheck = 0820;
				ORGANIZATIONNAME = "陈宇";
				TargetAttributes = {
					3C1284031C25419B0014D953 = {
						CreatedOnToolsVersion = 7.2;
						DevelopmentTeam = 47RWQAECA8;
					};
				};
			};
			buildConfigurationList = 3C1283FF1C25419B0014D953 /* Build configuration list for PBXProject "BM4GroupExample" */;
			compatibilityVersion = "Xcode 3.2";
			developmentRegion = English;
			hasScannedForEncodings = 0;
			knownRegions = (
				en,
				Base,
			);
			mainGroup = 3C1283FB1C25419B0014D953;
			productRefGroup = 3C1284051C25419B0014D953 /* Products */;
			projectDirPath = "";
			projectRoot = "";
			targets = (
				3C1284031C25419B0014D953 /* BM4GroupExample */,
			);
		};
/* End PBXProject section */

/* Begin PBXResourcesBuildPhase section */
		3C1284021C25419B0014D953 /* Resources */ = {
			isa = PBXResourcesBuildPhase;
			buildActionMask = 2147483647;
			files = (
				3C1284171C25419B0014D953 /* LaunchScreen.storyboard in Resources */,
				3C1284141C25419B0014D953 /* Assets.xcassets in Resources */,
				3C1284121C25419B0014D953 /* Main.storyboard in Resources */,
			);
			runOnlyForDeploymentPostprocessing = 0;
		};
/* End PBXResourcesBuildPhase section */

/* Begin PBXSourcesBuildPhase section */
		3C1284001C25419B0014D953 /* Sources */ = {
			isa = PBXSourcesBuildPhase;
			buildActionMask = 2147483647;
			files = (
				3C0BC2F81C73278C0091B542 /* UIImage+Orientation.m in Sources */,
				3C0BC2FC1C73278C0091B542 /* AccountHelper.m in Sources */,
				3C0BC2FD1C73278C0091B542 /* BMToast.m in Sources */,
				3C0A13CF1E123CA900BD8424 /* BMMediator.m in Sources */,
				3C12840F1C25419B0014D953 /* ViewController.m in Sources */,
				3C0BC2F51C73278C0091B542 /* BMEnableIQKeyboardView.m in Sources */,
				3CC3EC9E1C7869FE00B43E7B /* UIView+Extension.m in Sources */,
				3C0BC3041C73278C0091B542 /* BMUtils.m in Sources */,
				3C0BC2FA1C73278C0091B542 /* UIViewController+Alert.m in Sources */,
				3C0BC2FE1C73278C0091B542 /* HttpClient.m in Sources */,
				3C0BC2F21C73278C0091B542 /* NSNull+Exist.m in Sources */,
				3C0BC3001C73278C0091B542 /* BMBaseModel.m in Sources */,
				3C0BC2F61C73278C0091B542 /* BMSpinnerView.m in Sources */,
				3C0BC2F71C73278C0091B542 /* BMUnderLineView.m in Sources */,
				3C0BC2F91C73278C0091B542 /* UIView+AutoLayoutDebugging.m in Sources */,
				3C0BC2FB1C73278C0091B542 /* UIViewController+Message.m in Sources */,
				3C0BC3021C73278C0091B542 /* BMRequest.m in Sources */,
				3C0BC2F31C73278C0091B542 /* NSString+Exist.m in Sources */,
				3C12840C1C25419B0014D953 /* AppDelegate.m in Sources */,
				3C0BC2F41C73278C0091B542 /* BMDashLine.m in Sources */,
				3C0BC3011C73278C0091B542 /* BMPage.m in Sources */,
				3C1284091C25419B0014D953 /* main.m in Sources */,
				3C0BC3031C73278C0091B542 /* BMResponse.m in Sources */,
				3C0BC3051C73278C0091B542 /* StoreUtility.m in Sources */,
			);
			runOnlyForDeploymentPostprocessing = 0;
		};
/* End PBXSourcesBuildPhase section */

/* Begin PBXVariantGroup section */
		3C1284101C25419B0014D953 /* Main.storyboard */ = {
			isa = PBXVariantGroup;
			children = (
				3C1284111C25419B0014D953 /* Base */,
			);
			name = Main.storyboard;
			sourceTree = "<group>";
		};
		3C1284151C25419B0014D953 /* LaunchScreen.storyboard */ = {
			isa = PBXVariantGroup;
			children = (
				3C1284161C25419B0014D953 /* Base */,
			);
			name = LaunchScreen.storyboard;
			sourceTree = "<group>";
		};
/* End PBXVariantGroup section */

/* Begin XCBuildConfiguration section */
		3C1284191C25419B0014D953 /* Debug */ = {
			isa = XCBuildConfiguration;
			buildSettings = {
				ALWAYS_SEARCH_USER_PATHS = NO;
				CLANG_CXX_LANGUAGE_STANDARD = "gnu++0x";
				CLANG_CXX_LIBRARY = "libc++";
				CLANG_ENABLE_MODULES = YES;
				CLANG_ENABLE_OBJC_ARC = YES;
				CLANG_WARN_BOOL_CONVERSION = YES;
				CLANG_WARN_CONSTANT_CONVERSION = YES;
				CLANG_WARN_DIRECT_OBJC_ISA_USAGE = YES_ERROR;
				CLANG_WARN_EMPTY_BODY = YES;
				CLANG_WARN_ENUM_CONVERSION = YES;
				CLANG_WARN_INFINITE_RECURSION = YES;
				CLANG_WARN_INT_CONVERSION = YES;
				CLANG_WARN_OBJC_ROOT_CLASS = YES_ERROR;
				CLANG_WARN_SUSPICIOUS_MOVE = YES;
				CLANG_WARN_UNREACHABLE_CODE = YES;
				CLANG_WARN__DUPLICATE_METHOD_MATCH = YES;
				"CODE_SIGN_IDENTITY[sdk=iphoneos*]" = "iPhone Developer";
				COPY_PHASE_STRIP = NO;
				DEBUG_INFORMATION_FORMAT = dwarf;
				ENABLE_STRICT_OBJC_MSGSEND = YES;
				ENABLE_TESTABILITY = YES;
				GCC_C_LANGUAGE_STANDARD = gnu99;
				GCC_DYNAMIC_NO_PIC = NO;
				GCC_NO_COMMON_BLOCKS = YES;
				GCC_OPTIMIZATION_LEVEL = 0;
				GCC_PREPROCESSOR_DEFINITIONS = (
					"DEBUG=1",
					"$(inherited)",
				);
				GCC_WARN_64_TO_32_BIT_CONVERSION = YES;
				GCC_WARN_ABOUT_RETURN_TYPE = YES_ERROR;
				GCC_WARN_UNDECLARED_SELECTOR = YES;
				GCC_WARN_UNINITIALIZED_AUTOS = YES_AGGRESSIVE;
				GCC_WARN_UNUSED_FUNCTION = YES;
				GCC_WARN_UNUSED_VARIABLE = YES;
				IPHONEOS_DEPLOYMENT_TARGET = 8.0;
				MTL_ENABLE_DEBUG_INFO = YES;
				ONLY_ACTIVE_ARCH = YES;
				SDKROOT = iphoneos;
			};
			name = Debug;
		};
		3C12841A1C25419B0014D953 /* Release */ = {
			isa = XCBuildConfiguration;
			buildSettings = {
				ALWAYS_SEARCH_USER_PATHS = NO;
				CLANG_CXX_LANGUAGE_STANDARD = "gnu++0x";
				CLANG_CXX_LIBRARY = "libc++";
				CLANG_ENABLE_MODULES = YES;
				CLANG_ENABLE_OBJC_ARC = YES;
				CLANG_WARN_BOOL_CONVERSION = YES;
				CLANG_WARN_CONSTANT_CONVERSION = YES;
				CLANG_WARN_DIRECT_OBJC_ISA_USAGE = YES_ERROR;
				CLANG_WARN_EMPTY_BODY = YES;
				CLANG_WARN_ENUM_CONVERSION = YES;
				CLANG_WARN_INFINITE_RECURSION = YES;
				CLANG_WARN_INT_CONVERSION = YES;
				CLANG_WARN_OBJC_ROOT_CLASS = YES_ERROR;
				CLANG_WARN_SUSPICIOUS_MOVE = YES;
				CLANG_WARN_UNREACHABLE_CODE = YES;
				CLANG_WARN__DUPLICATE_METHOD_MATCH = YES;
				"CODE_SIGN_IDENTITY[sdk=iphoneos*]" = "iPhone Developer";
				COPY_PHASE_STRIP = NO;
				DEBUG_INFORMATION_FORMAT = "dwarf-with-dsym";
				ENABLE_NS_ASSERTIONS = NO;
				ENABLE_STRICT_OBJC_MSGSEND = YES;
				GCC_C_LANGUAGE_STANDARD = gnu99;
				GCC_NO_COMMON_BLOCKS = YES;
				GCC_WARN_64_TO_32_BIT_CONVERSION = YES;
				GCC_WARN_ABOUT_RETURN_TYPE = YES_ERROR;
				GCC_WARN_UNDECLARED_SELECTOR = YES;
				GCC_WARN_UNINITIALIZED_AUTOS = YES_AGGRESSIVE;
				GCC_WARN_UNUSED_FUNCTION = YES;
				GCC_WARN_UNUSED_VARIABLE = YES;
				IPHONEOS_DEPLOYMENT_TARGET = 8.0;
				MTL_ENABLE_DEBUG_INFO = NO;
				SDKROOT = iphoneos;
				VALIDATE_PRODUCT = YES;
			};
			name = Release;
		};
		3C12841C1C25419B0014D953 /* Debug */ = {
			isa = XCBuildConfiguration;
			buildSettings = {
				ASSETCATALOG_COMPILER_APPICON_NAME = AppIcon;
				CODE_SIGN_IDENTITY = "iPhone Developer";
				INFOPLIST_FILE = BM4GroupExample/Info.plist;
				LD_RUNPATH_SEARCH_PATHS = "$(inherited) @executable_path/Frameworks";
				PRODUCT_BUNDLE_IDENTIFIER = com.chrain.library..BM4GroupExample;
				PRODUCT_NAME = "$(TARGET_NAME)";
			};
			name = Debug;
		};
		3C12841D1C25419B0014D953 /* Release */ = {
			isa = XCBuildConfiguration;
			buildSettings = {
				ASSETCATALOG_COMPILER_APPICON_NAME = AppIcon;
				CODE_SIGN_IDENTITY = "iPhone Developer";
				INFOPLIST_FILE = BM4GroupExample/Info.plist;
				LD_RUNPATH_SEARCH_PATHS = "$(inherited) @executable_path/Frameworks";
				PRODUCT_BUNDLE_IDENTIFIER = com.chrain.library..BM4GroupExample;
				PRODUCT_NAME = "$(TARGET_NAME)";
			};
			name = Release;
		};
/* End XCBuildConfiguration section */

/* Begin XCConfigurationList section */
		3C1283FF1C25419B0014D953 /* Build configuration list for PBXProject "BM4GroupExample" */ = {
			isa = XCConfigurationList;
			buildConfigurations = (
				3C1284191C25419B0014D953 /* Debug */,
				3C12841A1C25419B0014D953 /* Release */,
			);
			defaultConfigurationIsVisible = 0;
			defaultConfigurationName = Release;
		};
		3C12841B1C25419B0014D953 /* Build configuration list for PBXNativeTarget "BM4GroupExample" */ = {
			isa = XCConfigurationList;
			buildConfigurations = (
				3C12841C1C25419B0014D953 /* Debug */,
				3C12841D1C25419B0014D953 /* Release */,
			);
			defaultConfigurationIsVisible = 0;
			defaultConfigurationName = Release;
		};
/* End XCConfigurationList section */
	};
	rootObject = 3C1283FC1C25419B0014D953 /* Project object */;
}
